// !$*UTF8*$!
{
	archiveVersion = 1;
	classes = {
	};
	objectVersion = 48;
	objects = {

/* Begin PBXBuildFile section */
		BA2E0FC91FDBA35200BD0B27 /* AppDelegate.swift in Sources */ = {isa = PBXBuildFile; fileRef = BA2E0FC81FDBA35200BD0B27 /* AppDelegate.swift */; };
		BA2E0FCB1FDBA35200BD0B27 /* ViewController.swift in Sources */ = {isa = PBXBuildFile; fileRef = BA2E0FCA1FDBA35200BD0B27 /* ViewController.swift */; };
		BA2E0FCE1FDBA35200BD0B27 /* Main.storyboard in Resources */ = {isa = PBXBuildFile; fileRef = BA2E0FCC1FDBA35200BD0B27 /* Main.storyboard */; };
		BA2E0FD01FDBA35200BD0B27 /* Assets.xcassets in Resources */ = {isa = PBXBuildFile; fileRef = BA2E0FCF1FDBA35200BD0B27 /* Assets.xcassets */; };
		BA2E0FD31FDBA35200BD0B27 /* LaunchScreen.storyboard in Resources */ = {isa = PBXBuildFile; fileRef = BA2E0FD11FDBA35200BD0B27 /* LaunchScreen.storyboard */; };
		BA2E0FDB1FDBB46C00BD0B27 /* if_cono_512542.png in Resources */ = {isa = PBXBuildFile; fileRef = BA2E0FDA1FDBB46C00BD0B27 /* if_cono_512542.png */; };
/* End PBXBuildFile section */

/* Begin PBXFileReference section */
		BA2E0FC51FDBA35200BD0B27 /* Service Ploythan.app */ = {isa = PBXFileReference; explicitFileType = wrapper.application; includeInIndex = 0; path = "Service Ploythan.app"; sourceTree = BUILT_PRODUCTS_DIR; };
		BA2E0FC81FDBA35200BD0B27 /* AppDelegate.swift */ = {isa = PBXFileReference; lastKnownFileType = sourcecode.swift; path = AppDelegate.swift; sourceTree = "<group>"; };
		BA2E0FCA1FDBA35200BD0B27 /* ViewController.swift */ = {isa = PBXFileReference; lastKnownFileType = sourcecode.swift; path = ViewController.swift; sourceTree = "<group>"; };
		BA2E0FCD1FDBA35200BD0B27 /* Base */ = {isa = PBXFileReference; lastKnownFileType = file.storyboard; name = Base; path = Base.lproj/Main.storyboard; sourceTree = "<group>"; };
		BA2E0FCF1FDBA35200BD0B27 /* Assets.xcassets */ = {isa = PBXFileReference; lastKnownFileType = folder.assetcatalog; path = Assets.xcassets; sourceTree = "<group>"; };
		BA2E0FD21FDBA35200BD0B27 /* Base */ = {isa = PBXFileReference; lastKnownFileType = file.storyboard; name = Base; path = Base.lproj/LaunchScreen.storyboard; sourceTree = "<group>"; };
		BA2E0FD41FDBA35200BD0B27 /* Info.plist */ = {isa = PBXFileReference; lastKnownFileType = text.plist.xml; path = Info.plist; sourceTree = "<group>"; };
		BA2E0FDA1FDBB46C00BD0B27 /* if_cono_512542.png */ = {isa = PBXFileReference; lastKnownFileType = image.png; path = if_cono_512542.png; sourceTree = "<group>"; };
/* End PBXFileReference section */

/* Begin PBXFrameworksBuildPhase section */
		BA2E0FC21FDBA35200BD0B27 /* Frameworks */ = {
			isa = PBXFrameworksBuildPhase;
			buildActionMask = 2147483647;
			files = (
			);
			runOnlyForDeploymentPostprocessing = 0;
		};
/* End PBXFrameworksBuildPhase section */

/* Begin PBXGroup section */
		BA2E0FBC1FDBA35200BD0B27 = {
			isa = PBXGroup;
			children = (
				BA2E0FC71FDBA35200BD0B27 /* Service Ploythan */,
				BA2E0FC61FDBA35200BD0B27 /* Products */,
			);
			sourceTree = "<group>";
		};
		BA2E0FC61FDBA35200BD0B27 /* Products */ = {
			isa = PBXGroup;
			children = (
				BA2E0FC51FDBA35200BD0B27 /* Service Ploythan.app */,
			);
			name = Products;
			sourceTree = "<group>";
		};
		BA2E0FC71FDBA35200BD0B27 /* Service Ploythan */ = {
			isa = PBXGroup;
			children = (
				BA2E0FC81FDBA35200BD0B27 /* AppDelegate.swift */,
				BA2E0FCA1FDBA35200BD0B27 /* ViewController.swift */,
				BA2E0FCC1FDBA35200BD0B27 /* Main.storyboard */,
				BA2E0FCF1FDBA35200BD0B27 /* Assets.xcassets */,
				BA2E0FDA1FDBB46C00BD0B27 /* if_cono_512542.png */,
				BA2E0FD11FDBA35200BD0B27 /* LaunchScreen.storyboard */,
				BA2E0FD41FDBA35200BD0B27 /* Info.plist */,
			);
			path = "Service Ploythan";
			sourceTree = "<group>";
		};
/* End PBXGroup section */

/* Begin PBXNativeTarget section */
		BA2E0FC41FDBA35200BD0B27 /* Service Ploythan */ = {
			isa = PBXNativeTarget;
			buildConfigurationList = BA2E0FD71FDBA35200BD0B27 /* Build configuration list for PBXNativeTarget "Service Ploythan" */;
			buildPhases = (
				BA2E0FC11FDBA35200BD0B27 /* Sources */,
				BA2E0FC21FDBA35200BD0B27 /* Frameworks */,
				BA2E0FC31FDBA35200BD0B27 /* Resources */,
			);
			buildRules = (
			);
			dependencies = (
			);
			name = "Service Ploythan";
			productName = "Service Ploythan";
			productReference = BA2E0FC51FDBA35200BD0B27 /* Service Ploythan.app */;
			productType = "com.apple.product-type.application";
		};
/* End PBXNativeTarget section */

/* Begin PBXProject section */
		BA2E0FBD1FDBA35200BD0B27 /* Project object */ = {
			isa = PBXProject;
			attributes = {
				LastSwiftUpdateCheck = 0920;
				LastUpgradeCheck = 0920;
				ORGANIZATIONNAME = "Thanchanok Trakarnmaneerat";
				TargetAttributes = {
					BA2E0FC41FDBA35200BD0B27 = {
						CreatedOnToolsVersion = 9.2;
						ProvisioningStyle = Automatic;
					};
				};
			};
			buildConfigurationList = BA2E0FC01FDBA35200BD0B27 /* Build configuration list for PBXProject "Service Ploythan" */;
			compatibilityVersion = "Xcode 8.0";
			developmentRegion = en;
			hasScannedForEncodings = 0;
			knownRegions = (
				en,
				Base,
			);
			mainGroup = BA2E0FBC1FDBA35200BD0B27;
			productRefGroup = BA2E0FC61FDBA35200BD0B27 /* Products */;
			projectDirPath = "";
			projectRoot = "";
			targets = (
				BA2E0FC41FDBA35200BD0B27 /* Service Ploythan */,
			);
		};
/* End PBXProject section */

/* Begin PBXResourcesBuildPhase section */
		BA2E0FC31FDBA35200BD0B27 /* Resources */ = {
			isa = PBXResourcesBuildPhase;
			buildActionMask = 2147483647;
			files = (
				BA2E0FDB1FDBB46C00BD0B27 /* if_cono_512542.png in Resources */,
				BA2E0FD31FDBA35200BD0B27 /* LaunchScreen.storyboard in Resources */,
				BA2E0FD01FDBA35200BD0B27 /* Assets.xcassets in Resources */,
				BA2E0FCE1FDBA35200BD0B27 /* Main.storyboard in Resources */,
			);
			runOnlyForDeploymentPostprocessing = 0;
		};
/* End PBXResourcesBuildPhase section */

/* Begin PBXSourcesBuildPhase section */
		BA2E0FC11FDBA35200BD0B27 /* Sources */ = {
			isa = PBXSourcesBuildPhase;
			buildActionMask = 2147483647;
			files = (
				BA2E0FCB1FDBA35200BD0B27 /* ViewController.swift in Sources */,
				BA2E0FC91FDBA35200BD0B27 /* AppDelegate.swift in Sources */,
			);
			runOnlyForDeploymentPostprocessing = 0;
		};
/* End PBXSourcesBuildPhase section */

/* Begin PBXVariantGroup section */
		BA2E0FCC1FDBA35200BD0B27 /* Main.storyboard */ = {
			isa = PBXVariantGroup;
			children = (
				BA2E0FCD1FDBA35200BD0B27 /* Base */,
			);
			name = Main.storyboard;
			sourceTree = "<group>";
		};
		BA2E0FD11FDBA35200BD0B27 /* LaunchScreen.storyboard */ = {
			isa = PBXVariantGroup;
			children = (
				BA2E0FD21FDBA35200BD0B27 /* Base */,
			);
			name = LaunchScreen.storyboard;
			sourceTree = "<group>";
		};
/* End PBXVariantGroup section */

/* Begin XCBuildConfiguration section */
		BA2E0FD51FDBA35200BD0B27 /* Debug */ = {
			isa = XCBuildConfiguration;
			buildSettings = {
				ALWAYS_SEARCH_USER_PATHS = NO;
				CLANG_ANALYZER_NONNULL = YES;
				CLANG_ANALYZER_NUMBER_OBJECT_CONVERSION = YES_AGGRESSIVE;
				CLANG_CXX_LANGUAGE_STANDARD = "gnu++14";
				CLANG_CXX_LIBRARY = "libc++";
				CLANG_ENABLE_MODULES = YES;
				CLANG_ENABLE_OBJC_ARC = YES;
				CLANG_WARN_BLOCK_CAPTURE_AUTORELEASING = YES;
				CLANG_WARN_BOOL_CONVERSION = YES;
				CLANG_WARN_COMMA = YES;
				CLANG_WARN_CONSTANT_CONVERSION = YES;
				CLANG_WARN_DIRECT_OBJC_ISA_USAGE = YES_ERROR;
				CLANG_WARN_DOCUMENTATION_COMMENTS = YES;
				CLANG_WARN_EMPTY_BODY = YES;
				CLANG_WARN_ENUM_CONVERSION = YES;
				CLANG_WARN_INFINITE_RECURSION = YES;
				CLANG_WARN_INT_CONVERSION = YES;
				CLANG_WARN_NON_LITERAL_NULL_CONVERSION = YES;
				CLANG_WARN_OBJC_LITERAL_CONVERSION = YES;
				CLANG_WARN_OBJC_ROOT_CLASS = YES_ERROR;
				CLANG_WARN_RANGE_LOOP_ANALYSIS = YES;
				CLANG_WARN_STRICT_PROTOTYPES = YES;
				CLANG_WARN_SUSPICIOUS_MOVE = YES;
				CLANG_WARN_UNGUARDED_AVAILABILITY = YES_AGGRESSIVE;
				CLANG_WARN_UNREACHABLE_CODE = YES;
				CLANG_WARN__DUPLICATE_METHOD_MATCH = YES;
				CODE_SIGN_IDENTITY = "iPhone Developer";
				COPY_PHASE_STRIP = NO;
				DEBUG_INFORMATION_FORMAT = dwarf;
				ENABLE_STRICT_OBJC_MSGSEND = YES;
				ENABLE_TESTABILITY = YES;
				GCC_C_LANGUAGE_STANDARD = gnu11;
				GCC_DYNAMIC_NO_PIC = NO;
				GCC_NO_COMMON_BLOCKS = YES;
				GCC_OPTIMIZATION_LEVEL = 0;
				GCC_PREPROCESSOR_DEFINITIONS = (
					"DEBUG=1",
					"$(inherited)",
				);
				GCC_WARN_64_TO_32_BIT_CONVERSION = YES;
				GCC_WARN_ABOUT_RETURN_TYPE = YES_ERROR;
				GCC_WARN_UNDECLARED_SELECTOR = YES;
				GCC_WARN_UNINITIALIZED_AUTOS = YES_AGGRESSIVE;
				GCC_WARN_UNUSED_FUNCTION = YES;
				GCC_WARN_UNUSED_VARIABLE = YES;
				IPHONEOS_DEPLOYMENT_TARGET = 11.2;
				MTL_ENABLE_DEBUG_INFO = YES;
				ONLY_ACTIVE_ARCH = YES;
				SDKROOT = iphoneos;
				SWIFT_ACTIVE_COMPILATION_CONDITIONS = DEBUG;
				SWIFT_OPTIMIZATION_LEVEL = "-Onone";
			};
			name = Debug;
		};
		BA2E0FD61FDBA35200BD0B27 /* Release */ = {
			isa = XCBuildConfiguration;
			buildSettings = {
				ALWAYS_SEARCH_USER_PATHS = NO;
				CLANG_ANALYZER_NONNULL = YES;
				CLANG_ANALYZER_NUMBER_OBJECT_CONVERSION = YES_AGGRESSIVE;
				CLANG_CXX_LANGUAGE_STANDARD = "gnu++14";
				CLANG_CXX_LIBRARY = "libc++";
				CLANG_ENABLE_MODULES = YES;
				CLANG_ENABLE_OBJC_ARC = YES;
				CLANG_WARN_BLOCK_CAPTURE_AUTORELEASING = YES;
				CLANG_WARN_BOOL_CONVERSION = YES;
				CLANG_WARN_COMMA = YES;
				CLANG_WARN_CONSTANT_CONVERSION = YES;
				CLANG_WARN_DIRECT_OBJC_ISA_USAGE = YES_ERROR;
				CLANG_WARN_DOCUMENTATION_COMMENTS = YES;
				CLANG_WARN_EMPTY_BODY = YES;
				CLANG_WARN_ENUM_CONVERSION = YES;
				CLANG_WARN_INFINITE_RECURSION = YES;
				CLANG_WARN_INT_CONVERSION = YES;
				CLANG_WARN_NON_LITERAL_NULL_CONVERSION = YES;
				CLANG_WARN_OBJC_LITERAL_CONVERSION = YES;
				CLANG_WARN_OBJC_ROOT_CLASS = YES_ERROR;
				CLANG_WARN_RANGE_LOOP_ANALYSIS = YES;
				CLANG_WARN_STRICT_PROTOTYPES = YES;
				CLANG_WARN_SUSPICIOUS_MOVE = YES;
				CLANG_WARN_UNGUARDED_AVAILABILITY = YES_AGGRESSIVE;
				CLANG_WARN_UNREACHABLE_CODE = YES;
				CLANG_WARN__DUPLICATE_METHOD_MATCH = YES;
				CODE_SIGN_IDENTITY = "iPhone Developer";
				COPY_PHASE_STRIP = NO;
				DEBUG_INFORMATION_FORMAT = "dwarf-with-dsym";
				ENABLE_NS_ASSERTIONS = NO;
				ENABLE_STRICT_OBJC_MSGSEND = YES;
				GCC_C_LANGUAGE_STANDARD = gnu11;
				GCC_NO_COMMON_BLOCKS = YES;
				GCC_WARN_64_TO_32_BIT_CONVERSION = YES;
				GCC_WARN_ABOUT_RETURN_TYPE = YES_ERROR;
				GCC_WARN_UNDECLARED_SELECTOR = YES;
				GCC_WARN_UNINITIALIZED_AUTOS = YES_AGGRESSIVE;
				GCC_WARN_UNUSED_FUNCTION = YES;
				GCC_WARN_UNUSED_VARIABLE = YES;
				IPHONEOS_DEPLOYMENT_TARGET = 11.2;
				MTL_ENABLE_DEBUG_INFO = NO;
				SDKROOT = iphoneos;
				SWIFT_OPTIMIZATION_LEVEL = "-Owholemodule";
				VALIDATE_PRODUCT = YES;
			};
			name = Release;
		};
		BA2E0FD81FDBA35200BD0B27 /* Debug */ = {
			isa = XCBuildConfiguration;
			buildSettings = {
				ASSETCATALOG_COMPILER_APPICON_NAME = AppIcon;
				CODE_SIGN_STYLE = Automatic;
				INFOPLIST_FILE = "Service Ploythan/Info.plist";
				LD_RUNPATH_SEARCH_PATHS = "$(inherited) @executable_path/Frameworks";
				PRODUCT_BUNDLE_IDENTIFIER = "Ploythan.Service-Ploythan";
				PRODUCT_NAME = "$(TARGET_NAME)";
				SWIFT_VERSION = 4.0;
				TARGETED_DEVICE_FAMILY = "1,2";
			};
			name = Debug;
		};
		BA2E0FD91FDBA35200BD0B27 /* Release */ = {
			isa = XCBuildConfiguration;
			buildSettings = {
				ASSETCATALOG_COMPILER_APPICON_NAME = AppIcon;
				CODE_SIGN_STYLE = Automatic;
				INFOPLIST_FILE = "Service Ploythan/Info.plist";
				LD_RUNPATH_SEARCH_PATHS = "$(inherited) @executable_path/Frameworks";
				PRODUCT_BUNDLE_IDENTIFIER = "Ploythan.Service-Ploythan";
				PRODUCT_NAME = "$(TARGET_NAME)";
				SWIFT_VERSION = 4.0;
				TARGETED_DEVICE_FAMILY = "1,2";
			};
			name = Release;
		};
/* End XCBuildConfiguration section */

/* Begin XCConfigurationList section */
		BA2E0FC01FDBA35200BD0B27 /* Build configuration list for PBXProject "Service Ploythan" */ = {
			isa = XCConfigurationList;
			buildConfigurations = (
				BA2E0FD51FDBA35200BD0B27 /* Debug */,
				BA2E0FD61FDBA35200BD0B27 /* Release */,
			);
			defaultConfigurationIsVisible = 0;
			defaultConfigurationName = Release;
		};
		BA2E0FD71FDBA35200BD0B27 /* Build configuration list for PBXNativeTarget "Service Ploythan" */ = {
			isa = XCConfigurationList;
			buildConfigurations = (
				BA2E0FD81FDBA35200BD0B27 /* Debug */,
				BA2E0FD91FDBA35200BD0B27 /* Release */,
			);
			defaultConfigurationIsVisible = 0;
			defaultConfigurationName = Release;
		};
/* End XCConfigurationList section */
	};
	rootObject = BA2E0FBD1FDBA35200BD0B27 /* Project object */;
}
